
Microsoft Visual Studio Solution File, Format Version 12.00
# Visual Studio Version 16
VisualStudioVersion = 16.0.31321.278
MinimumVisualStudioVersion = 10.0.40219.1
Project("{9A19103F-16F7-4668-BE54-9A1E7A4F7556}") = "Avanade.SubTCSE.Projeto.Api", "Avanade.SubTCSE.Projeto.Api\Avanade.SubTCSE.Projeto.Api.csproj", "{160DC73F-92B9-49E1-A327-38E5D9419279}"
EndProject
Project("{2150E333-8FDC-42A3-9474-1A3956D46DE8}") = "0-AppService", "0-AppService", "{660E82CA-9D89-4A95-92BD-49F9AE2F1CC3}"
EndProject
Project("{2150E333-8FDC-42A3-9474-1A3956D46DE8}") = "1-Application", "1-Application", "{9EBE97AA-0936-421A-AABC-E1C419D1C63B}"
EndProject
Project("{2150E333-8FDC-42A3-9474-1A3956D46DE8}") = "2-Domain", "2-Domain", "{BDC02321-9B62-44F8-8D97-A6ED7BE5E01E}"
EndProject
Project("{2150E333-8FDC-42A3-9474-1A3956D46DE8}") = "3-Infra", "3-Infra", "{6FA154DE-C3E6-4095-BD5C-62C40C01C8AB}"
EndProject
Project("{2150E333-8FDC-42A3-9474-1A3956D46DE8}") = "4-Test", "4-Test", "{4A4BD9B5-7178-461E-8E36-63CF1FE79699}"
EndProject
Project("{2150E333-8FDC-42A3-9474-1A3956D46DE8}") = "3.1-CrossCutting", "3.1-CrossCutting", "{7B27784D-63C8-4874-8A74-54E438EF8E30}"
EndProject
Project("{2150E333-8FDC-42A3-9474-1A3956D46DE8}") = "3.2-Data", "3.2-Data", "{2AFAF9AE-B1A2-486B-BED1-49222E4D1917}"
EndProject
Project("{9A19103F-16F7-4668-BE54-9A1E7A4F7556}") = "Avanade.SubTCSE.Projeto.Application", "Avanade.SubTCSE.Projeto.Application\Avanade.SubTCSE.Projeto.Application.csproj", "{15D528E3-93CD-4FB8-9751-36392C799F7B}"
EndProject
Project("{9A19103F-16F7-4668-BE54-9A1E7A4F7556}") = "Avanade.SubTCSE.Projeto.Domain", "Avanade.SubTCSE.Projeto.Domain\Avanade.SubTCSE.Projeto.Domain.csproj", "{F43257CC-3EFB-4A6D-9D36-EC0BDEA16CF1}"
EndProject
Project("{9A19103F-16F7-4668-BE54-9A1E7A4F7556}") = "Avanade.SubTCSE.Projeto.CrossCutting", "Avanade.SubTCSE.Projeto.CrossCutting\Avanade.SubTCSE.Projeto.CrossCutting.csproj", "{66081A7F-38EC-4828-B77C-3D3EF28716CC}"
EndProject
Project("{9A19103F-16F7-4668-BE54-9A1E7A4F7556}") = "Avanade.SubTCSE.Projeto.Data", "Avanade.SubTCSE.Projeto.Data\Avanade.SubTCSE.Projeto.Data.csproj", "{5653B254-656F-46F0-BD0E-FC34EF50ABE3}"
EndProject
Global
	GlobalSection(SolutionConfigurationPlatforms) = preSolution
		Debug|Any CPU = Debug|Any CPU
		Release|Any CPU = Release|Any CPU
	EndGlobalSection
	GlobalSection(ProjectConfigurationPlatforms) = postSolution
		{160DC73F-92B9-49E1-A327-38E5D9419279}.Debug|Any CPU.ActiveCfg = Debug|Any CPU
		{160DC73F-92B9-49E1-A327-38E5D9419279}.Debug|Any CPU.Build.0 = Debug|Any CPU
		{160DC73F-92B9-49E1-A327-38E5D9419279}.Release|Any CPU.ActiveCfg = Release|Any CPU
		{160DC73F-92B9-49E1-A327-38E5D9419279}.Release|Any CPU.Build.0 = Release|Any CPU
		{15D528E3-93CD-4FB8-9751-36392C799F7B}.Debug|Any CPU.ActiveCfg = Debug|Any CPU
		{15D528E3-93CD-4FB8-9751-36392C799F7B}.Debug|Any CPU.Build.0 = Debug|Any CPU
		{15D528E3-93CD-4FB8-9751-36392C799F7B}.Release|Any CPU.ActiveCfg = Release|Any CPU
		{15D528E3-93CD-4FB8-9751-36392C799F7B}.Release|Any CPU.Build.0 = Release|Any CPU
		{F43257CC-3EFB-4A6D-9D36-EC0BDEA16CF1}.Debug|Any CPU.ActiveCfg = Debug|Any CPU
		{F43257CC-3EFB-4A6D-9D36-EC0BDEA16CF1}.Debug|Any CPU.Build.0 = Debug|Any CPU
		{F43257CC-3EFB-4A6D-9D36-EC0BDEA16CF1}.Release|Any CPU.ActiveCfg = Release|Any CPU
		{F43257CC-3EFB-4A6D-9D36-EC0BDEA16CF1}.Release|Any CPU.Build.0 = Release|Any CPU
		{66081A7F-38EC-4828-B77C-3D3EF28716CC}.Debug|Any CPU.ActiveCfg = Debug|Any CPU
		{66081A7F-38EC-4828-B77C-3D3EF28716CC}.Debug|Any CPU.Build.0 = Debug|Any CPU
		{66081A7F-38EC-4828-B77C-3D3EF28716CC}.Release|Any CPU.ActiveCfg = Release|Any CPU
		{66081A7F-38EC-4828-B77C-3D3EF28716CC}.Release|Any CPU.Build.0 = Release|Any CPU
		{5653B254-656F-46F0-BD0E-FC34EF50ABE3}.Debug|Any CPU.ActiveCfg = Debug|Any CPU
		{5653B254-656F-46F0-BD0E-FC34EF50ABE3}.Debug|Any CPU.Build.0 = Debug|Any CPU
		{5653B254-656F-46F0-BD0E-FC34EF50ABE3}.Release|Any CPU.ActiveCfg = Release|Any CPU
		{5653B254-656F-46F0-BD0E-FC34EF50ABE3}.Release|Any CPU.Build.0 = Release|Any CPU
	EndGlobalSection
	GlobalSection(SolutionProperties) = preSolution
		HideSolutionNode = FALSE
	EndGlobalSection
	GlobalSection(NestedProjects) = preSolution
		{160DC73F-92B9-49E1-A327-38E5D9419279} = {660E82CA-9D89-4A95-92BD-49F9AE2F1CC3}
		{7B27784D-63C8-4874-8A74-54E438EF8E30} = {6FA154DE-C3E6-4095-BD5C-62C40C01C8AB}
		{2AFAF9AE-B1A2-486B-BED1-49222E4D1917} = {6FA154DE-C3E6-4095-BD5C-62C40C01C8AB}
		{15D528E3-93CD-4FB8-9751-36392C799F7B} = {9EBE97AA-0936-421A-AABC-E1C419D1C63B}
		{F43257CC-3EFB-4A6D-9D36-EC0BDEA16CF1} = {BDC02321-9B62-44F8-8D97-A6ED7BE5E01E}
		{66081A7F-38EC-4828-B77C-3D3EF28716CC} = {7B27784D-63C8-4874-8A74-54E438EF8E30}
		{5653B254-656F-46F0-BD0E-FC34EF50ABE3} = {2AFAF9AE-B1A2-486B-BED1-49222E4D1917}
	EndGlobalSection
	GlobalSection(ExtensibilityGlobals) = postSolution
		SolutionGuid = {2C14A42C-2690-4B9C-BAD0-A90F2E89EFB4}
	EndGlobalSection
EndGlobal
